
Microsoft Visual Studio Solution File, Format Version 12.00
# Visual Studio Version 17
VisualStudioVersion = 17.11.35327.3
MinimumVisualStudioVersion = 10.0.40219.1
Project("{FAE04EC0-301F-11D3-BF4B-00C04F79EFBC}") = "WindowsFormsApp1", "WindowsFormsApp1.csproj", "{0B4FE738-F178-4079-8656-6197E3C72FE6}"
EndProject
Global
	GlobalSection(SolutionConfigurationPlatforms) = preSolution
		Debug|Any CPU = Debug|Any CPU
		Release|Any CPU = Release|Any CPU
	EndGlobalSection
	GlobalSection(ProjectConfigurationPlatforms) = postSolution
		{0B4FE738-F178-4079-8656-6197E3C72FE6}.Debug|Any CPU.ActiveCfg = Debug|Any CPU
		{0B4FE738-F178-4079-8656-6197E3C72FE6}.Debug|Any CPU.Build.0 = Debug|Any CPU
		{0B4FE738-F178-4079-8656-6197E3C72FE6}.Release|Any CPU.ActiveCfg = Release|Any CPU
		{0B4FE738-F178-4079-8656-6197E3C72FE6}.Release|Any CPU.Build.0 = Release|Any CPU
	EndGlobalSection
	GlobalSection(SolutionProperties) = preSolution
		HideSolutionNode = FALSE
	EndGlobalSection
	GlobalSection(ExtensibilityGlobals) = postSolution
		SolutionGuid = {C75E303C-91C7-44DE-888E-9D2983A747B2}
	EndGlobalSection
EndGlobal
